// !$*UTF8*$!
{
	archiveVersion = 1;
	classes = {
	};
	objectVersion = 56;
	objects = {

/* Begin PBXBuildFile section */
		6B2A91D72A7D1E70006B0074 /* AirdropPreviewModalView.swift in Sources */ = {isa = PBXBuildFile; fileRef = 6B2A91D62A7D1E70006B0074 /* AirdropPreviewModalView.swift */; };
		6B2A91D92A7D2290006B0074 /* AirdropDataModel.swift in Sources */ = {isa = PBXBuildFile; fileRef = 6B2A91D82A7D2290006B0074 /* AirdropDataModel.swift */; };
		6B610D942A7CF6CC00F56D94 /* NeedDropApp.swift in Sources */ = {isa = PBXBuildFile; fileRef = 6B610D932A7CF6CC00F56D94 /* NeedDropApp.swift */; };
		6B610D962A7CF6CC00F56D94 /* ContentView.swift in Sources */ = {isa = PBXBuildFile; fileRef = 6B610D952A7CF6CC00F56D94 /* ContentView.swift */; };
		6B610D982A7CF6CE00F56D94 /* Assets.xcassets in Resources */ = {isa = PBXBuildFile; fileRef = 6B610D972A7CF6CE00F56D94 /* Assets.xcassets */; };
		6B610D9B2A7CF6CE00F56D94 /* Preview Assets.xcassets in Resources */ = {isa = PBXBuildFile; fileRef = 6B610D9A2A7CF6CE00F56D94 /* Preview Assets.xcassets */; };
		6B610DA22A7CFC7C00F56D94 /* CustomButtonStyle.swift in Sources */ = {isa = PBXBuildFile; fileRef = 6B610DA12A7CFC7C00F56D94 /* CustomButtonStyle.swift */; };
		6B610DA42A7CFC9D00F56D94 /* AirdropView.swift in Sources */ = {isa = PBXBuildFile; fileRef = 6B610DA32A7CFC9D00F56D94 /* AirdropView.swift */; };
		6B610DA62A7D036000F56D94 /* CameraView.swift in Sources */ = {isa = PBXBuildFile; fileRef = 6B610DA52A7D036000F56D94 /* CameraView.swift */; };
		6B610DA82A7D039900F56D94 /* ImagePickerView.swift in Sources */ = {isa = PBXBuildFile; fileRef = 6B610DA72A7D039900F56D94 /* ImagePickerView.swift */; };
/* End PBXBuildFile section */

/* Begin PBXFileReference section */
		6B2A91D62A7D1E70006B0074 /* AirdropPreviewModalView.swift */ = {isa = PBXFileReference; lastKnownFileType = sourcecode.swift; path = AirdropPreviewModalView.swift; sourceTree = "<group>"; };
		6B2A91D82A7D2290006B0074 /* AirdropDataModel.swift */ = {isa = PBXFileReference; lastKnownFileType = sourcecode.swift; path = AirdropDataModel.swift; sourceTree = "<group>"; };
		6B610D902A7CF6CC00F56D94 /* NeedDrop.app */ = {isa = PBXFileReference; explicitFileType = wrapper.application; includeInIndex = 0; path = NeedDrop.app; sourceTree = BUILT_PRODUCTS_DIR; };
		6B610D932A7CF6CC00F56D94 /* NeedDropApp.swift */ = {isa = PBXFileReference; lastKnownFileType = sourcecode.swift; path = NeedDropApp.swift; sourceTree = "<group>"; };
		6B610D952A7CF6CC00F56D94 /* ContentView.swift */ = {isa = PBXFileReference; lastKnownFileType = sourcecode.swift; path = ContentView.swift; sourceTree = "<group>"; };
		6B610D972A7CF6CE00F56D94 /* Assets.xcassets */ = {isa = PBXFileReference; lastKnownFileType = folder.assetcatalog; path = Assets.xcassets; sourceTree = "<group>"; };
		6B610D9A2A7CF6CE00F56D94 /* Preview Assets.xcassets */ = {isa = PBXFileReference; lastKnownFileType = folder.assetcatalog; path = "Preview Assets.xcassets"; sourceTree = "<group>"; };
		6B610DA12A7CFC7C00F56D94 /* CustomButtonStyle.swift */ = {isa = PBXFileReference; lastKnownFileType = sourcecode.swift; path = CustomButtonStyle.swift; sourceTree = "<group>"; };
		6B610DA32A7CFC9D00F56D94 /* AirdropView.swift */ = {isa = PBXFileReference; lastKnownFileType = sourcecode.swift; path = AirdropView.swift; sourceTree = "<group>"; };
		6B610DA52A7D036000F56D94 /* CameraView.swift */ = {isa = PBXFileReference; lastKnownFileType = sourcecode.swift; path = CameraView.swift; sourceTree = "<group>"; };
		6B610DA72A7D039900F56D94 /* ImagePickerView.swift */ = {isa = PBXFileReference; lastKnownFileType = sourcecode.swift; path = ImagePickerView.swift; sourceTree = "<group>"; };
/* End PBXFileReference section */

/* Begin PBXFrameworksBuildPhase section */
		6B610D8D2A7CF6CC00F56D94 /* Frameworks */ = {
			isa = PBXFrameworksBuildPhase;
			buildActionMask = 2147483647;
			files = (
			);
			runOnlyForDeploymentPostprocessing = 0;
		};
/* End PBXFrameworksBuildPhase section */

/* Begin PBXGroup section */
		6B610D872A7CF6CC00F56D94 = {
			isa = PBXGroup;
			children = (
				6B610D922A7CF6CC00F56D94 /* NeedDrop */,
				6B610D912A7CF6CC00F56D94 /* Products */,
			);
			sourceTree = "<group>";
		};
		6B610D912A7CF6CC00F56D94 /* Products */ = {
			isa = PBXGroup;
			children = (
				6B610D902A7CF6CC00F56D94 /* NeedDrop.app */,
			);
			name = Products;
			sourceTree = "<group>";
		};
		6B610D922A7CF6CC00F56D94 /* NeedDrop */ = {
			isa = PBXGroup;
			children = (
				6B610D932A7CF6CC00F56D94 /* NeedDropApp.swift */,
				6B610D952A7CF6CC00F56D94 /* ContentView.swift */,
				6B610D972A7CF6CE00F56D94 /* Assets.xcassets */,
				6B610D992A7CF6CE00F56D94 /* Preview Content */,
				6B610DA12A7CFC7C00F56D94 /* CustomButtonStyle.swift */,
				6B610DA32A7CFC9D00F56D94 /* AirdropView.swift */,
				6B610DA52A7D036000F56D94 /* CameraView.swift */,
				6B610DA72A7D039900F56D94 /* ImagePickerView.swift */,
				6B2A91D62A7D1E70006B0074 /* AirdropPreviewModalView.swift */,
				6B2A91D82A7D2290006B0074 /* AirdropDataModel.swift */,
			);
			path = NeedDrop;
			sourceTree = "<group>";
		};
		6B610D992A7CF6CE00F56D94 /* Preview Content */ = {
			isa = PBXGroup;
			children = (
				6B610D9A2A7CF6CE00F56D94 /* Preview Assets.xcassets */,
			);
			path = "Preview Content";
			sourceTree = "<group>";
		};
/* End PBXGroup section */

/* Begin PBXNativeTarget section */
		6B610D8F2A7CF6CC00F56D94 /* NeedDrop */ = {
			isa = PBXNativeTarget;
			buildConfigurationList = 6B610D9E2A7CF6CE00F56D94 /* Build configuration list for PBXNativeTarget "NeedDrop" */;
			buildPhases = (
				6B610D8C2A7CF6CC00F56D94 /* Sources */,
				6B610D8D2A7CF6CC00F56D94 /* Frameworks */,
				6B610D8E2A7CF6CC00F56D94 /* Resources */,
			);
			buildRules = (
			);
			dependencies = (
			);
			name = NeedDrop;
			productName = NeedDrop;
			productReference = 6B610D902A7CF6CC00F56D94 /* NeedDrop.app */;
			productType = "com.apple.product-type.application";
		};
/* End PBXNativeTarget section */

/* Begin PBXProject section */
		6B610D882A7CF6CC00F56D94 /* Project object */ = {
			isa = PBXProject;
			attributes = {
				BuildIndependentTargetsInParallel = 1;
				LastSwiftUpdateCheck = 1430;
				LastUpgradeCheck = 1430;
				TargetAttributes = {
					6B610D8F2A7CF6CC00F56D94 = {
						CreatedOnToolsVersion = 14.3.1;
					};
				};
			};
			buildConfigurationList = 6B610D8B2A7CF6CC00F56D94 /* Build configuration list for PBXProject "NeedDrop" */;
			compatibilityVersion = "Xcode 14.0";
			developmentRegion = en;
			hasScannedForEncodings = 0;
			knownRegions = (
				en,
				Base,
			);
			mainGroup = 6B610D872A7CF6CC00F56D94;
			productRefGroup = 6B610D912A7CF6CC00F56D94 /* Products */;
			projectDirPath = "";
			projectRoot = "";
			targets = (
				6B610D8F2A7CF6CC00F56D94 /* NeedDrop */,
			);
		};
/* End PBXProject section */

/* Begin PBXResourcesBuildPhase section */
		6B610D8E2A7CF6CC00F56D94 /* Resources */ = {
			isa = PBXResourcesBuildPhase;
			buildActionMask = 2147483647;
			files = (
				6B610D9B2A7CF6CE00F56D94 /* Preview Assets.xcassets in Resources */,
				6B610D982A7CF6CE00F56D94 /* Assets.xcassets in Resources */,
			);
			runOnlyForDeploymentPostprocessing = 0;
		};
/* End PBXResourcesBuildPhase section */

/* Begin PBXSourcesBuildPhase section */
		6B610D8C2A7CF6CC00F56D94 /* Sources */ = {
			isa = PBXSourcesBuildPhase;
			buildActionMask = 2147483647;
			files = (
				6B610DA42A7CFC9D00F56D94 /* AirdropView.swift in Sources */,
				6B610DA22A7CFC7C00F56D94 /* CustomButtonStyle.swift in Sources */,
				6B610D962A7CF6CC00F56D94 /* ContentView.swift in Sources */,
				6B610DA62A7D036000F56D94 /* CameraView.swift in Sources */,
				6B610DA82A7D039900F56D94 /* ImagePickerView.swift in Sources */,
				6B2A91D92A7D2290006B0074 /* AirdropDataModel.swift in Sources */,
				6B2A91D72A7D1E70006B0074 /* AirdropPreviewModalView.swift in Sources */,
				6B610D942A7CF6CC00F56D94 /* NeedDropApp.swift in Sources */,
			);
			runOnlyForDeploymentPostprocessing = 0;
		};
/* End PBXSourcesBuildPhase section */

/* Begin XCBuildConfiguration section */
		6B610D9C2A7CF6CE00F56D94 /* Debug */ = {
			isa = XCBuildConfiguration;
			buildSettings = {
				ALWAYS_SEARCH_USER_PATHS = NO;
				CLANG_ANALYZER_NONNULL = YES;
				CLANG_ANALYZER_NUMBER_OBJECT_CONVERSION = YES_AGGRESSIVE;
				CLANG_CXX_LANGUAGE_STANDARD = "gnu++20";
				CLANG_ENABLE_MODULES = YES;
				CLANG_ENABLE_OBJC_ARC = YES;
				CLANG_ENABLE_OBJC_WEAK = YES;
				CLANG_WARN_BLOCK_CAPTURE_AUTORELEASING = YES;
				CLANG_WARN_BOOL_CONVERSION = YES;
				CLANG_WARN_COMMA = YES;
				CLANG_WARN_CONSTANT_CONVERSION = YES;
				CLANG_WARN_DEPRECATED_OBJC_IMPLEMENTATIONS = YES;
				CLANG_WARN_DIRECT_OBJC_ISA_USAGE = YES_ERROR;
				CLANG_WARN_DOCUMENTATION_COMMENTS = YES;
				CLANG_WARN_EMPTY_BODY = YES;
				CLANG_WARN_ENUM_CONVERSION = YES;
				CLANG_WARN_INFINITE_RECURSION = YES;
				CLANG_WARN_INT_CONVERSION = YES;
				CLANG_WARN_NON_LITERAL_NULL_CONVERSION = YES;
				CLANG_WARN_OBJC_IMPLICIT_RETAIN_SELF = YES;
				CLANG_WARN_OBJC_LITERAL_CONVERSION = YES;
				CLANG_WARN_OBJC_ROOT_CLASS = YES_ERROR;
				CLANG_WARN_QUOTED_INCLUDE_IN_FRAMEWORK_HEADER = YES;
				CLANG_WARN_RANGE_LOOP_ANALYSIS = YES;
				CLANG_WARN_STRICT_PROTOTYPES = YES;
				CLANG_WARN_SUSPICIOUS_MOVE = YES;
				CLANG_WARN_UNGUARDED_AVAILABILITY = YES_AGGRESSIVE;
				CLANG_WARN_UNREACHABLE_CODE = YES;
				CLANG_WARN__DUPLICATE_METHOD_MATCH = YES;
				COPY_PHASE_STRIP = NO;
				DEBUG_INFORMATION_FORMAT = dwarf;
				ENABLE_STRICT_OBJC_MSGSEND = YES;
				ENABLE_TESTABILITY = YES;
				GCC_C_LANGUAGE_STANDARD = gnu11;
				GCC_DYNAMIC_NO_PIC = NO;
				GCC_NO_COMMON_BLOCKS = YES;
				GCC_OPTIMIZATION_LEVEL = 0;
				GCC_PREPROCESSOR_DEFINITIONS = (
					"DEBUG=1",
					"$(inherited)",
				);
				GCC_WARN_64_TO_32_BIT_CONVERSION = YES;
				GCC_WARN_ABOUT_RETURN_TYPE = YES_ERROR;
				GCC_WARN_UNDECLARED_SELECTOR = YES;
				GCC_WARN_UNINITIALIZED_AUTOS = YES_AGGRESSIVE;
				GCC_WARN_UNUSED_FUNCTION = YES;
				GCC_WARN_UNUSED_VARIABLE = YES;
				IPHONEOS_DEPLOYMENT_TARGET = 16.4;
				MTL_ENABLE_DEBUG_INFO = INCLUDE_SOURCE;
				MTL_FAST_MATH = YES;
				ONLY_ACTIVE_ARCH = YES;
				SDKROOT = iphoneos;
				SWIFT_ACTIVE_COMPILATION_CONDITIONS = DEBUG;
				SWIFT_OPTIMIZATION_LEVEL = "-Onone";
			};
			name = Debug;
		};
		6B610D9D2A7CF6CE00F56D94 /* Release */ = {
			isa = XCBuildConfiguration;
			buildSettings = {
				ALWAYS_SEARCH_USER_PATHS = NO;
				CLANG_ANALYZER_NONNULL = YES;
				CLANG_ANALYZER_NUMBER_OBJECT_CONVERSION = YES_AGGRESSIVE;
				CLANG_CXX_LANGUAGE_STANDARD = "gnu++20";
				CLANG_ENABLE_MODULES = YES;
				CLANG_ENABLE_OBJC_ARC = YES;
				CLANG_ENABLE_OBJC_WEAK = YES;
				CLANG_WARN_BLOCK_CAPTURE_AUTORELEASING = YES;
				CLANG_WARN_BOOL_CONVERSION = YES;
				CLANG_WARN_COMMA = YES;
				CLANG_WARN_CONSTANT_CONVERSION = YES;
				CLANG_WARN_DEPRECATED_OBJC_IMPLEMENTATIONS = YES;
				CLANG_WARN_DIRECT_OBJC_ISA_USAGE = YES_ERROR;
				CLANG_WARN_DOCUMENTATION_COMMENTS = YES;
				CLANG_WARN_EMPTY_BODY = YES;
				CLANG_WARN_ENUM_CONVERSION = YES;
				CLANG_WARN_INFINITE_RECURSION = YES;
				CLANG_WARN_INT_CONVERSION = YES;
				CLANG_WARN_NON_LITERAL_NULL_CONVERSION = YES;
				CLANG_WARN_OBJC_IMPLICIT_RETAIN_SELF = YES;
				CLANG_WARN_OBJC_LITERAL_CONVERSION = YES;
				CLANG_WARN_OBJC_ROOT_CLASS = YES_ERROR;
				CLANG_WARN_QUOTED_INCLUDE_IN_FRAMEWORK_HEADER = YES;
				CLANG_WARN_RANGE_LOOP_ANALYSIS = YES;
				CLANG_WARN_STRICT_PROTOTYPES = YES;
				CLANG_WARN_SUSPICIOUS_MOVE = YES;
				CLANG_WARN_UNGUARDED_AVAILABILITY = YES_AGGRESSIVE;
				CLANG_WARN_UNREACHABLE_CODE = YES;
				CLANG_WARN__DUPLICATE_METHOD_MATCH = YES;
				COPY_PHASE_STRIP = NO;
				DEBUG_INFORMATION_FORMAT = "dwarf-with-dsym";
				ENABLE_NS_ASSERTIONS = NO;
				ENABLE_STRICT_OBJC_MSGSEND = YES;
				GCC_C_LANGUAGE_STANDARD = gnu11;
				GCC_NO_COMMON_BLOCKS = YES;
				GCC_WARN_64_TO_32_BIT_CONVERSION = YES;
				GCC_WARN_ABOUT_RETURN_TYPE = YES_ERROR;
				GCC_WARN_UNDECLARED_SELECTOR = YES;
				GCC_WARN_UNINITIALIZED_AUTOS = YES_AGGRESSIVE;
				GCC_WARN_UNUSED_FUNCTION = YES;
				GCC_WARN_UNUSED_VARIABLE = YES;
				IPHONEOS_DEPLOYMENT_TARGET = 16.4;
				MTL_ENABLE_DEBUG_INFO = NO;
				MTL_FAST_MATH = YES;
				SDKROOT = iphoneos;
				SWIFT_COMPILATION_MODE = wholemodule;
				SWIFT_OPTIMIZATION_LEVEL = "-O";
				VALIDATE_PRODUCT = YES;
			};
			name = Release;
		};
		6B610D9F2A7CF6CE00F56D94 /* Debug */ = {
			isa = XCBuildConfiguration;
			buildSettings = {
				ASSETCATALOG_COMPILER_APPICON_NAME = AppIcon;
				ASSETCATALOG_COMPILER_GLOBAL_ACCENT_COLOR_NAME = AccentColor;
				CODE_SIGN_STYLE = Automatic;
				CURRENT_PROJECT_VERSION = 1;
				DEVELOPMENT_ASSET_PATHS = "\"NeedDrop/Preview Content\"";
				DEVELOPMENT_TEAM = F3YQJB8XS6;
				ENABLE_PREVIEWS = YES;
				GENERATE_INFOPLIST_FILE = YES;
				INFOPLIST_KEY_NSCameraUsageDescription = "using galery";
				INFOPLIST_KEY_NSPhotoLibraryUsageDescription = "using galery";
				INFOPLIST_KEY_UIApplicationSceneManifest_Generation = YES;
				INFOPLIST_KEY_UIApplicationSupportsIndirectInputEvents = YES;
				INFOPLIST_KEY_UILaunchScreen_Generation = YES;
				INFOPLIST_KEY_UISupportedInterfaceOrientations_iPad = "UIInterfaceOrientationPortrait UIInterfaceOrientationPortraitUpsideDown UIInterfaceOrientationLandscapeLeft UIInterfaceOrientationLandscapeRight";
				INFOPLIST_KEY_UISupportedInterfaceOrientations_iPhone = "UIInterfaceOrientationPortrait UIInterfaceOrientationLandscapeLeft UIInterfaceOrientationLandscapeRight";
				LD_RUNPATH_SEARCH_PATHS = (
					"$(inherited)",
					"@executable_path/Frameworks",
				);
				MARKETING_VERSION = 1.0;
				PRODUCT_BUNDLE_IDENTIFIER = MStudio.NeedDrop;
				PRODUCT_NAME = "$(TARGET_NAME)";
				SWIFT_EMIT_LOC_STRINGS = YES;
				SWIFT_VERSION = 5.0;
				TARGETED_DEVICE_FAMILY = "1,2";
			};
			name = Debug;
		};
		6B610DA02A7CF6CE00F56D94 /* Release */ = {
			isa = XCBuildConfiguration;
			buildSettings = {
				ASSETCATALOG_COMPILER_APPICON_NAME = AppIcon;
				ASSETCATALOG_COMPILER_GLOBAL_ACCENT_COLOR_NAME = AccentColor;
				CODE_SIGN_STYLE = Automatic;
				CURRENT_PROJECT_VERSION = 1;
				DEVELOPMENT_ASSET_PATHS = "\"NeedDrop/Preview Content\"";
				DEVELOPMENT_TEAM = F3YQJB8XS6;
				ENABLE_PREVIEWS = YES;
				GENERATE_INFOPLIST_FILE = YES;
				INFOPLIST_KEY_NSCameraUsageDescription = "using galery";
				INFOPLIST_KEY_NSPhotoLibraryUsageDescription = "using galery";
				INFOPLIST_KEY_UIApplicationSceneManifest_Generation = YES;
				INFOPLIST_KEY_UIApplicationSupportsIndirectInputEvents = YES;
				INFOPLIST_KEY_UILaunchScreen_Generation = YES;
				INFOPLIST_KEY_UISupportedInterfaceOrientations_iPad = "UIInterfaceOrientationPortrait UIInterfaceOrientationPortraitUpsideDown UIInterfaceOrientationLandscapeLeft UIInterfaceOrientationLandscapeRight";
				INFOPLIST_KEY_UISupportedInterfaceOrientations_iPhone = "UIInterfaceOrientationPortrait UIInterfaceOrientationLandscapeLeft UIInterfaceOrientationLandscapeRight";
				LD_RUNPATH_SEARCH_PATHS = (
					"$(inherited)",
					"@executable_path/Frameworks",
				);
				MARKETING_VERSION = 1.0;
				PRODUCT_BUNDLE_IDENTIFIER = MStudio.NeedDrop;
				PRODUCT_NAME = "$(TARGET_NAME)";
				SWIFT_EMIT_LOC_STRINGS = YES;
				SWIFT_VERSION = 5.0;
				TARGETED_DEVICE_FAMILY = "1,2";
			};
			name = Release;
		};
/* End XCBuildConfiguration section */

/* Begin XCConfigurationList section */
		6B610D8B2A7CF6CC00F56D94 /* Build configuration list for PBXProject "NeedDrop" */ = {
			isa = XCConfigurationList;
			buildConfigurations = (
				6B610D9C2A7CF6CE00F56D94 /* Debug */,
				6B610D9D2A7CF6CE00F56D94 /* Release */,
			);
			defaultConfigurationIsVisible = 0;
			defaultConfigurationName = Release;
		};
		6B610D9E2A7CF6CE00F56D94 /* Build configuration list for PBXNativeTarget "NeedDrop" */ = {
			isa = XCConfigurationList;
			buildConfigurations = (
				6B610D9F2A7CF6CE00F56D94 /* Debug */,
				6B610DA02A7CF6CE00F56D94 /* Release */,
			);
			defaultConfigurationIsVisible = 0;
			defaultConfigurationName = Release;
		};
/* End XCConfigurationList section */
	};
	rootObject = 6B610D882A7CF6CC00F56D94 /* Project object */;
}
